{
  "name": "crypto-local-storage",
  "version": "0.0.1",
  "lockfileVersion": 1,
  "requires": true,
  "dependencies": {
    "crypto-js": {
      "version": "3.1.8",
      "resolved": "https://registry.npmjs.org/crypto-js/-/crypto-js-3.1.8.tgz",
      "integrity": "sha1-cV8HC/YBTyrpkqmLOSkli3E/CNU="
    },
    "generate-js": {
      "version": "3.1.2",
      "resolved": "https://registry.npmjs.org/generate-js/-/generate-js-3.1.2.tgz",
      "integrity": "sha1-Jf+N1MOAkKk49kiIfVNrrUa0e2I="
    },
    "secure-web-storage": {
      "version": "1.0.2",
      "resolved": "https://registry.npmjs.org/secure-web-storage/-/secure-web-storage-1.0.2.tgz",
      "integrity": "sha1-cwnDXDaF8KnmOoxJZMbs3A+Dg5w=",
      "requires": {
        "generate-js": "^3.1.2"
      }
    }
  }
}
