{
  "name": "crypto-browser-storage",
  "version": "0.0.1",
  "lockfileVersion": 2,
  "requires": true,
  "packages": {
    "": {
      "name": "crypto-browser-storage",
      "version": "0.0.1",
      "dependencies": {
        "crypto-js": "^3.1.8",
        "secure-web-storage": "^1.0.2",
        "tslib": "^2.3.0"
      },
      "devDependencies": {
        "@types/crypto-js": "^4.0.2",
        "@types/node": "^16.11.6"
      },
      "peerDependencies": {
        "@angular/common": "^12.2.0",
        "@angular/core": "^12.2.0",
        "crypto-js": "^3.1.8",
        "secure-web-storage": "^1.0.2"
      }
    },
    "node_modules/@angular/common": {
      "version": "12.2.16",
      "resolved": "https://registry.npmjs.org/@angular/common/-/common-12.2.16.tgz",
      "integrity": "sha512-FEqTXTEsnbDInqV1yFlm97Tz1OFqZS5t0TUkm8gzXRgpIce/F/jLwAg0u1VQkgOsno6cNm0xTWPoZgu85NI4ug==",
      "peer": true,
      "dependencies": {
        "tslib": "^2.2.0"
      },
      "engines": {
        "node": "^12.14.1 || >=14.0.0"
      },
      "peerDependencies": {
        "@angular/core": "12.2.16",
        "rxjs": "^6.5.3 || ^7.0.0"
      }
    },
    "node_modules/@angular/core": {
      "version": "12.2.16",
      "resolved": "https://registry.npmjs.org/@angular/core/-/core-12.2.16.tgz",
      "integrity": "sha512-jsmvaRdAfng99z2a9mAmkfcsCE1wm+tBYVDxnc5JquSXznwtncjzcoc2X0J0dzrkCDvzFfpTsZ9vehylytBc+A==",
      "peer": true,
      "dependencies": {
        "tslib": "^2.2.0"
      },
      "engines": {
        "node": "^12.14.1 || >=14.0.0"
      },
      "peerDependencies": {
        "rxjs": "^6.5.3 || ^7.0.0",
        "zone.js": "~0.11.4"
      }
    },
    "node_modules/@types/crypto-js": {
      "version": "4.0.2",
      "resolved": "https://registry.npmjs.org/@types/crypto-js/-/crypto-js-4.0.2.tgz",
      "integrity": "sha512-sCVniU+h3GcGqxOmng11BRvf9TfN9yIs8KKjB8C8d75W69cpTfZG80gau9yTx5SxF3gvHGbJhdESzzvnjtf3Og==",
      "dev": true
    },
    "node_modules/@types/node": {
      "version": "16.11.6",
      "resolved": "https://registry.npmjs.org/@types/node/-/node-16.11.6.tgz",
      "integrity": "sha512-ua7PgUoeQFjmWPcoo9khiPum3Pd60k4/2ZGXt18sm2Slk0W0xZTqt5Y0Ny1NyBiN1EVQ/+FaF9NcY4Qe6rwk5w==",
      "dev": true
    },
    "node_modules/crypto-js": {
      "version": "3.1.8",
      "resolved": "https://registry.npmjs.org/crypto-js/-/crypto-js-3.1.8.tgz",
      "integrity": "sha1-cV8HC/YBTyrpkqmLOSkli3E/CNU="
    },
    "node_modules/generate-js": {
      "version": "3.1.2",
      "resolved": "https://registry.npmjs.org/generate-js/-/generate-js-3.1.2.tgz",
      "integrity": "sha1-Jf+N1MOAkKk49kiIfVNrrUa0e2I="
    },
    "node_modules/rxjs": {
      "version": "7.5.7",
      "resolved": "https://registry.npmjs.org/rxjs/-/rxjs-7.5.7.tgz",
      "integrity": "sha512-z9MzKh/UcOqB3i20H6rtrlaE/CgjLOvheWK/9ILrbhROGTweAi1BaFsTT9FbwZi5Trr1qNRs+MXkhmR06awzQA==",
      "peer": true,
      "dependencies": {
        "tslib": "^2.1.0"
      }
    },
    "node_modules/secure-web-storage": {
      "version": "1.0.2",
      "resolved": "https://registry.npmjs.org/secure-web-storage/-/secure-web-storage-1.0.2.tgz",
      "integrity": "sha1-cwnDXDaF8KnmOoxJZMbs3A+Dg5w=",
      "dependencies": {
        "generate-js": "^3.1.2"
      }
    },
    "node_modules/tslib": {
      "version": "2.4.1",
      "resolved": "https://registry.npmjs.org/tslib/-/tslib-2.4.1.tgz",
      "integrity": "sha512-tGyy4dAjRIEwI7BzsB0lynWgOpfqjUdq91XXAlIWD2OwKBH7oCl/GZG/HT4BOHrTlPMOASlMQ7veyTqpmRcrNA=="
    },
    "node_modules/zone.js": {
      "version": "0.11.8",
      "resolved": "https://registry.npmjs.org/zone.js/-/zone.js-0.11.8.tgz",
      "integrity": "sha512-82bctBg2hKcEJ21humWIkXRlLBBmrc3nN7DFh5LGGhcyycO2S7FN8NmdvlcKaGFDNVL4/9kFLmwmInTavdJERA==",
      "peer": true,
      "dependencies": {
        "tslib": "^2.3.0"
      }
    }
  },
  "dependencies": {
    "@angular/common": {
      "version": "12.2.16",
      "resolved": "https://registry.npmjs.org/@angular/common/-/common-12.2.16.tgz",
      "integrity": "sha512-FEqTXTEsnbDInqV1yFlm97Tz1OFqZS5t0TUkm8gzXRgpIce/F/jLwAg0u1VQkgOsno6cNm0xTWPoZgu85NI4ug==",
      "peer": true,
      "requires": {
        "tslib": "^2.2.0"
      }
    },
    "@angular/core": {
      "version": "12.2.16",
      "resolved": "https://registry.npmjs.org/@angular/core/-/core-12.2.16.tgz",
      "integrity": "sha512-jsmvaRdAfng99z2a9mAmkfcsCE1wm+tBYVDxnc5JquSXznwtncjzcoc2X0J0dzrkCDvzFfpTsZ9vehylytBc+A==",
      "peer": true,
      "requires": {
        "tslib": "^2.2.0"
      }
    },
    "@types/crypto-js": {
      "version": "4.0.2",
      "resolved": "https://registry.npmjs.org/@types/crypto-js/-/crypto-js-4.0.2.tgz",
      "integrity": "sha512-sCVniU+h3GcGqxOmng11BRvf9TfN9yIs8KKjB8C8d75W69cpTfZG80gau9yTx5SxF3gvHGbJhdESzzvnjtf3Og==",
      "dev": true
    },
    "@types/node": {
      "version": "16.11.6",
      "resolved": "https://registry.npmjs.org/@types/node/-/node-16.11.6.tgz",
      "integrity": "sha512-ua7PgUoeQFjmWPcoo9khiPum3Pd60k4/2ZGXt18sm2Slk0W0xZTqt5Y0Ny1NyBiN1EVQ/+FaF9NcY4Qe6rwk5w==",
      "dev": true
    },
    "crypto-js": {
      "version": "3.1.8",
      "resolved": "https://registry.npmjs.org/crypto-js/-/crypto-js-3.1.8.tgz",
      "integrity": "sha1-cV8HC/YBTyrpkqmLOSkli3E/CNU="
    },
    "generate-js": {
      "version": "3.1.2",
      "resolved": "https://registry.npmjs.org/generate-js/-/generate-js-3.1.2.tgz",
      "integrity": "sha1-Jf+N1MOAkKk49kiIfVNrrUa0e2I="
    },
    "rxjs": {
      "version": "7.5.7",
      "resolved": "https://registry.npmjs.org/rxjs/-/rxjs-7.5.7.tgz",
      "integrity": "sha512-z9MzKh/UcOqB3i20H6rtrlaE/CgjLOvheWK/9ILrbhROGTweAi1BaFsTT9FbwZi5Trr1qNRs+MXkhmR06awzQA==",
      "peer": true,
      "requires": {
        "tslib": "^2.1.0"
      }
    },
    "secure-web-storage": {
      "version": "1.0.2",
      "resolved": "https://registry.npmjs.org/secure-web-storage/-/secure-web-storage-1.0.2.tgz",
      "integrity": "sha1-cwnDXDaF8KnmOoxJZMbs3A+Dg5w=",
      "requires": {
        "generate-js": "^3.1.2"
      }
    },
    "tslib": {
      "version": "2.4.1",
      "resolved": "https://registry.npmjs.org/tslib/-/tslib-2.4.1.tgz",
      "integrity": "sha512-tGyy4dAjRIEwI7BzsB0lynWgOpfqjUdq91XXAlIWD2OwKBH7oCl/GZG/HT4BOHrTlPMOASlMQ7veyTqpmRcrNA=="
    },
    "zone.js": {
      "version": "0.11.8",
      "resolved": "https://registry.npmjs.org/zone.js/-/zone.js-0.11.8.tgz",
      "integrity": "sha512-82bctBg2hKcEJ21humWIkXRlLBBmrc3nN7DFh5LGGhcyycO2S7FN8NmdvlcKaGFDNVL4/9kFLmwmInTavdJERA==",
      "peer": true,
      "requires": {
        "tslib": "^2.3.0"
      }
    }
  }
}
