{
  "name": "crypto-browser-storage",
  "version": "4.0.2",
  "lockfileVersion": 3,
  "requires": true,
  "packages": {
    "": {
      "name": "crypto-browser-storage",
      "version": "4.0.2",
      "license": "MIT",
      "dependencies": {
        "crypto-js": "^4.2.0",
        "generate-js": "^3.1.2",
        "tslib": "^2.3.0"
      },
      "devDependencies": {
        "@types/crypto-js": "^4.1.1",
        "@types/node": "^16.11.6"
      },
      "peerDependencies": {
        "@angular/common": "^17.0.3",
        "@angular/core": "^17.0.3",
        "generate-js": "^3.1.2"
      }
    },
    "node_modules/@angular/common": {
      "version": "17.0.3",
      "resolved": "https://registry.npmjs.org/@angular/common/-/common-17.0.3.tgz",
      "integrity": "sha512-AD/d1n0hNisHDhIeBsW2ERZI9ChjiOuZ3IiGwcYKmlcOHTrZTJPAh/ZMgahv24rArlNVax7bT+Ik8+sJedGcEQ==",
      "peer": true,
      "dependencies": {
        "tslib": "^2.3.0"
      },
      "engines": {
        "node": "^18.13.0 || >=20.9.0"
      },
      "peerDependencies": {
        "@angular/core": "17.0.3",
        "rxjs": "^6.5.3 || ^7.4.0"
      }
    },
    "node_modules/@angular/core": {
      "version": "17.0.3",
      "resolved": "https://registry.npmjs.org/@angular/core/-/core-17.0.3.tgz",
      "integrity": "sha512-zY4yhPiphuktrodaM+GiP8G07qnUlmwKElLjYazeIR8A+kF51RQRpSf/pWe5M0uJIn5Oja+RdO9kzhDI9QvOcA==",
      "peer": true,
      "dependencies": {
        "tslib": "^2.3.0"
      },
      "engines": {
        "node": "^18.13.0 || >=20.9.0"
      },
      "peerDependencies": {
        "rxjs": "^6.5.3 || ^7.4.0",
        "zone.js": "~0.14.0"
      }
    },
    "node_modules/@types/crypto-js": {
      "version": "4.2.1",
      "resolved": "https://registry.npmjs.org/@types/crypto-js/-/crypto-js-4.2.1.tgz",
      "integrity": "sha512-FSPGd9+OcSok3RsM0UZ/9fcvMOXJ1ENE/ZbLfOPlBWj7BgXtEAM8VYfTtT760GiLbQIMoVozwVuisjvsVwqYWw==",
      "dev": true
    },
    "node_modules/@types/node": {
      "version": "16.18.61",
      "resolved": "https://registry.npmjs.org/@types/node/-/node-16.18.61.tgz",
      "integrity": "sha512-k0N7BqGhJoJzdh6MuQg1V1ragJiXTh8VUBAZTWjJ9cUq23SG0F0xavOwZbhiP4J3y20xd6jxKx+xNUhkMAi76Q==",
      "dev": true
    },
    "node_modules/crypto-js": {
      "version": "4.2.0",
      "resolved": "https://registry.npmjs.org/crypto-js/-/crypto-js-4.2.0.tgz",
      "integrity": "sha512-KALDyEYgpY+Rlob/iriUtjV6d5Eq+Y191A5g4UqLAi8CyGP9N1+FdVbkc1SxKc2r4YAYqG8JzO2KGL+AizD70Q==",
      "license": "MIT"
    },
    "node_modules/generate-js": {
      "version": "3.1.2",
      "resolved": "https://registry.npmjs.org/generate-js/-/generate-js-3.1.2.tgz",
      "integrity": "sha512-L4IHpPfl9vhDtevoXZGQhQbC376ogHnVGrEr2zMxODsmLSGQGCX/NTd0AzokzSYgBDCKduV690tcqcba10Xo3g=="
    },
    "node_modules/rxjs": {
      "version": "7.8.1",
      "resolved": "https://registry.npmjs.org/rxjs/-/rxjs-7.8.1.tgz",
      "integrity": "sha512-AA3TVj+0A2iuIoQkWEK/tqFjBq2j+6PO6Y0zJcvzLAFhEFIO3HL0vls9hWLncZbAAbK0mar7oZ4V079I/qPMxg==",
      "peer": true,
      "dependencies": {
        "tslib": "^2.1.0"
      }
    },
    "node_modules/tslib": {
      "version": "2.6.2",
      "resolved": "https://registry.npmjs.org/tslib/-/tslib-2.6.2.tgz",
      "integrity": "sha512-AEYxH93jGFPn/a2iVAwW87VuUIkR1FVUKB77NwMF7nBTDkDrrT/Hpt/IrCJ0QXhW27jTBDcf5ZY7w6RiqTMw2Q=="
    },
    "node_modules/zone.js": {
      "version": "0.14.2",
      "resolved": "https://registry.npmjs.org/zone.js/-/zone.js-0.14.2.tgz",
      "integrity": "sha512-X4U7J1isDhoOmHmFWiLhloWc2lzMkdnumtfQ1LXzf/IOZp5NQYuMUTaviVzG/q1ugMBIXzin2AqeVJUoSEkNyQ==",
      "peer": true,
      "dependencies": {
        "tslib": "^2.3.0"
      }
    }
  }
}
